// !$*UTF8*$!
{
	archiveVersion = 1;
	classes = {
	};
	objectVersion = 56;
	objects = {

/* Begin PBXBuildFile section */
		941205ED289006A500D7FA3C /* elev.swift in Sources */ = {isa = PBXBuildFile; fileRef = 941205EC289006A500D7FA3C /* elev.swift */; };
		941205EF2890071900D7FA3C /* oppgave.swift in Sources */ = {isa = PBXBuildFile; fileRef = 941205EE2890071900D7FA3C /* oppgave.swift */; };
		941205F128900ED700D7FA3C /* poeng.swift in Sources */ = {isa = PBXBuildFile; fileRef = 941205F028900ED700D7FA3C /* poeng.swift */; };
		949429E5293D243C00543B19 /* bakgrunsfarger.swift in Sources */ = {isa = PBXBuildFile; fileRef = 949429E4293D243C00543B19 /* bakgrunsfarger.swift */; };
		94B82C4A28CBCE010086368A /* Klasse.swift in Sources */ = {isa = PBXBuildFile; fileRef = 94B82C4928CBCE010086368A /* Klasse.swift */; };
		94B82C4C28CBCF350086368A /* klasseVisning.swift in Sources */ = {isa = PBXBuildFile; fileRef = 94B82C4B28CBCF350086368A /* klasseVisning.swift */; };
		94B82C4E28CBCFC20086368A /* Klasseoversikt.swift in Sources */ = {isa = PBXBuildFile; fileRef = 94B82C4D28CBCFC20086368A /* Klasseoversikt.swift */; };
		94B82C5228D5D6210086368A /* pdf.swift in Sources */ = {isa = PBXBuildFile; fileRef = 94B82C5128D5D6210086368A /* pdf.swift */; };
		94CC300528953FD600A193F4 /* PoengView.swift in Sources */ = {isa = PBXBuildFile; fileRef = 94CC300428953FD600A193F4 /* PoengView.swift */; };
		94CC3007289B046800A193F4 /* NumericTextField.swift in Sources */ = {isa = PBXBuildFile; fileRef = 94CC3006289B046800A193F4 /* NumericTextField.swift */; };
		94CC3009289D951D00A193F4 /* sumCelle.swift in Sources */ = {isa = PBXBuildFile; fileRef = 94CC3008289D951D00A193F4 /* sumCelle.swift */; };
		94DF82DF2878BB540054D5B8 /* RettearkApp.swift in Sources */ = {isa = PBXBuildFile; fileRef = 94DF82DE2878BB540054D5B8 /* RettearkApp.swift */; };
		94DF82E12878BB540054D5B8 /* ContentView.swift in Sources */ = {isa = PBXBuildFile; fileRef = 94DF82E02878BB540054D5B8 /* ContentView.swift */; };
		94DF82E32878BB560054D5B8 /* Assets.xcassets in Resources */ = {isa = PBXBuildFile; fileRef = 94DF82E22878BB560054D5B8 /* Assets.xcassets */; };
		94DF82E62878BB560054D5B8 /* Preview Assets.xcassets in Resources */ = {isa = PBXBuildFile; fileRef = 94DF82E52878BB560054D5B8 /* Preview Assets.xcassets */; };
		94DF82F02878BB570054D5B8 /* RettearkTests.swift in Sources */ = {isa = PBXBuildFile; fileRef = 94DF82EF2878BB570054D5B8 /* RettearkTests.swift */; };
		94DF82FA2878BB570054D5B8 /* RettearkUITests.swift in Sources */ = {isa = PBXBuildFile; fileRef = 94DF82F92878BB570054D5B8 /* RettearkUITests.swift */; };
		94DF82FC2878BB570054D5B8 /* RettearkUITestsLaunchTests.swift in Sources */ = {isa = PBXBuildFile; fileRef = 94DF82FB2878BB570054D5B8 /* RettearkUITestsLaunchTests.swift */; };
		94DF83092878BF4C0054D5B8 /* Prøve.swift in Sources */ = {isa = PBXBuildFile; fileRef = 94DF83082878BF4C0054D5B8 /* Prøve.swift */; };
		DE024DFB291E6E7B00F50E45 /* tastetrykk.swift in Sources */ = {isa = PBXBuildFile; fileRef = DE024DFA291E6E7A00F50E45 /* tastetrykk.swift */; };
		DE05744F28C1F67E001D487B /* elevKategoriVisning.swift in Sources */ = {isa = PBXBuildFile; fileRef = DE05744E28C1F67E001D487B /* elevKategoriVisning.swift */; };
		DE05745128C6073B001D487B /* VisElevTilbakemleding.swift in Sources */ = {isa = PBXBuildFile; fileRef = DE05745028C6073B001D487B /* VisElevTilbakemleding.swift */; };
		DE0620D728D0981E008AF4EA /* filemanager_extension.swift in Sources */ = {isa = PBXBuildFile; fileRef = DE0620D628D0981E008AF4EA /* filemanager_extension.swift */; };
		DE0620D928D1F482008AF4EA /* Tilbakemelding.swift in Sources */ = {isa = PBXBuildFile; fileRef = DE0620D828D1F482008AF4EA /* Tilbakemelding.swift */; };
		DE0B670729AF684000DB8662 /* redigerKlasse.swift in Sources */ = {isa = PBXBuildFile; fileRef = DE0B670629AF684000DB8662 /* redigerKlasse.swift */; };
		DE118C7C292E29B100351BC4 /* skrivInnOppgaver.swift in Sources */ = {isa = PBXBuildFile; fileRef = DE118C7B292E29B000351BC4 /* skrivInnOppgaver.swift */; };
		DE118C7E292F6CF200351BC4 /* collection_extension.swift in Sources */ = {isa = PBXBuildFile; fileRef = DE118C7D292F6CF200351BC4 /* collection_extension.swift */; };
		DE24DD0628FEC72B008F8A77 /* instillinger.swift in Sources */ = {isa = PBXBuildFile; fileRef = DE24DD0528FEC72B008F8A77 /* instillinger.swift */; };
		DE37053428AA2A0200EAC29F /* karakterView.swift in Sources */ = {isa = PBXBuildFile; fileRef = DE37053328AA2A0100EAC29F /* karakterView.swift */; };
		DE425E0E28E193D4009CAB3E /* leggTilNyPrøveVisning.swift in Sources */ = {isa = PBXBuildFile; fileRef = DE425E0D28E193D4009CAB3E /* leggTilNyPrøveVisning.swift */; };
		DE425E1028E19969009CAB3E /* textInputField.swift in Sources */ = {isa = PBXBuildFile; fileRef = DE425E0F28E19969009CAB3E /* textInputField.swift */; };
		DE597E0E290A998000114B0B /* test_input.swift in Sources */ = {isa = PBXBuildFile; fileRef = DE597E0D290A998000114B0B /* test_input.swift */; };
		DE85159A28DB2AAA0048913A /* leggTilNyKlasseVisning.swift in Sources */ = {isa = PBXBuildFile; fileRef = DE85159928DB2AAA0048913A /* leggTilNyKlasseVisning.swift */; };
		DE85159C28DC9AAB0048913A /* finnEleverFraVisma.swift in Sources */ = {isa = PBXBuildFile; fileRef = DE85159B28DC9AAB0048913A /* finnEleverFraVisma.swift */; };
		DE87C38E28BF65D900E880A9 /* kakediagram.swift in Sources */ = {isa = PBXBuildFile; fileRef = DE87C38D28BF65D900E880A9 /* kakediagram.swift */; };
		DE993B2C291A726F004889EC /* maxPoengVisning.swift in Sources */ = {isa = PBXBuildFile; fileRef = DE993B2B291A726F004889EC /* maxPoengVisning.swift */; };
		DE993B2E291BC43D004889EC /* Fokus.swift in Sources */ = {isa = PBXBuildFile; fileRef = DE993B2D291BC43D004889EC /* Fokus.swift */; };
		DE9AB23D2916767B00B67FD7 /* tallEllerStrekVisning.swift in Sources */ = {isa = PBXBuildFile; fileRef = DE9AB23C2916767B00B67FD7 /* tallEllerStrekVisning.swift */; };
		DEB6BBCE28B36560008BBD31 /* Kategorier.swift in Sources */ = {isa = PBXBuildFile; fileRef = DEB6BBCD28B36560008BBD31 /* Kategorier.swift */; };
		DEB6BBD028B378EC008BBD31 /* BoolOgId.swift in Sources */ = {isa = PBXBuildFile; fileRef = DEB6BBCF28B378EC008BBD31 /* BoolOgId.swift */; };
		DEB6BBD228B37B66008BBD31 /* poengTabellView.swift in Sources */ = {isa = PBXBuildFile; fileRef = DEB6BBD128B37B66008BBD31 /* poengTabellView.swift */; };
		DEB6BBD428B39336008BBD31 /* kategoriView.swift in Sources */ = {isa = PBXBuildFile; fileRef = DEB6BBD328B39336008BBD31 /* kategoriView.swift */; };
		DEE939872951D2DE002F292F /* klassesammendrag.swift in Sources */ = {isa = PBXBuildFile; fileRef = DEE939862951D2DE002F292F /* klassesammendrag.swift */; };
		DEECF8B929364525007B59FF /* Karaktergrense.swift in Sources */ = {isa = PBXBuildFile; fileRef = DEECF8B829364525007B59FF /* Karaktergrense.swift */; };
/* End PBXBuildFile section */

/* Begin PBXContainerItemProxy section */
		94DF82EC2878BB570054D5B8 /* PBXContainerItemProxy */ = {
			isa = PBXContainerItemProxy;
			containerPortal = 94DF82D32878BB540054D5B8 /* Project object */;
			proxyType = 1;
			remoteGlobalIDString = 94DF82DA2878BB540054D5B8;
			remoteInfo = Retteark;
		};
		94DF82F62878BB570054D5B8 /* PBXContainerItemProxy */ = {
			isa = PBXContainerItemProxy;
			containerPortal = 94DF82D32878BB540054D5B8 /* Project object */;
			proxyType = 1;
			remoteGlobalIDString = 94DF82DA2878BB540054D5B8;
			remoteInfo = Retteark;
		};
/* End PBXContainerItemProxy section */

/* Begin PBXFileReference section */
		941205EC289006A500D7FA3C /* elev.swift */ = {isa = PBXFileReference; lastKnownFileType = sourcecode.swift; path = elev.swift; sourceTree = "<group>"; };
		941205EE2890071900D7FA3C /* oppgave.swift */ = {isa = PBXFileReference; lastKnownFileType = sourcecode.swift; path = oppgave.swift; sourceTree = "<group>"; };
		941205F028900ED700D7FA3C /* poeng.swift */ = {isa = PBXFileReference; lastKnownFileType = sourcecode.swift; path = poeng.swift; sourceTree = "<group>"; };
		948D050C290DAFFD00359FD8 /* Retteark.entitlements */ = {isa = PBXFileReference; lastKnownFileType = text.plist.entitlements; path = Retteark.entitlements; sourceTree = "<group>"; };
		949429E4293D243C00543B19 /* bakgrunsfarger.swift */ = {isa = PBXFileReference; lastKnownFileType = sourcecode.swift; path = bakgrunsfarger.swift; sourceTree = "<group>"; };
		94B82C4928CBCE010086368A /* Klasse.swift */ = {isa = PBXFileReference; lastKnownFileType = sourcecode.swift; path = Klasse.swift; sourceTree = "<group>"; };
		94B82C4B28CBCF350086368A /* klasseVisning.swift */ = {isa = PBXFileReference; lastKnownFileType = sourcecode.swift; path = klasseVisning.swift; sourceTree = "<group>"; };
		94B82C4D28CBCFC20086368A /* Klasseoversikt.swift */ = {isa = PBXFileReference; lastKnownFileType = sourcecode.swift; path = Klasseoversikt.swift; sourceTree = "<group>"; };
		94B82C5128D5D6210086368A /* pdf.swift */ = {isa = PBXFileReference; lastKnownFileType = sourcecode.swift; path = pdf.swift; sourceTree = "<group>"; };
		94CC300428953FD600A193F4 /* PoengView.swift */ = {isa = PBXFileReference; lastKnownFileType = sourcecode.swift; path = PoengView.swift; sourceTree = "<group>"; };
		94CC3006289B046800A193F4 /* NumericTextField.swift */ = {isa = PBXFileReference; lastKnownFileType = sourcecode.swift; path = NumericTextField.swift; sourceTree = "<group>"; };
		94CC3008289D951D00A193F4 /* sumCelle.swift */ = {isa = PBXFileReference; lastKnownFileType = sourcecode.swift; path = sumCelle.swift; sourceTree = "<group>"; };
		94DF82DB2878BB540054D5B8 /* Retteark.app */ = {isa = PBXFileReference; explicitFileType = wrapper.application; includeInIndex = 0; path = Retteark.app; sourceTree = BUILT_PRODUCTS_DIR; };
		94DF82DE2878BB540054D5B8 /* RettearkApp.swift */ = {isa = PBXFileReference; lastKnownFileType = sourcecode.swift; path = RettearkApp.swift; sourceTree = "<group>"; };
		94DF82E02878BB540054D5B8 /* ContentView.swift */ = {isa = PBXFileReference; lastKnownFileType = sourcecode.swift; path = ContentView.swift; sourceTree = "<group>"; };
		94DF82E22878BB560054D5B8 /* Assets.xcassets */ = {isa = PBXFileReference; lastKnownFileType = folder.assetcatalog; path = Assets.xcassets; sourceTree = "<group>"; };
		94DF82E52878BB560054D5B8 /* Preview Assets.xcassets */ = {isa = PBXFileReference; lastKnownFileType = folder.assetcatalog; path = "Preview Assets.xcassets"; sourceTree = "<group>"; };
		94DF82EB2878BB570054D5B8 /* RettearkTests.xctest */ = {isa = PBXFileReference; explicitFileType = wrapper.cfbundle; includeInIndex = 0; path = RettearkTests.xctest; sourceTree = BUILT_PRODUCTS_DIR; };
		94DF82EF2878BB570054D5B8 /* RettearkTests.swift */ = {isa = PBXFileReference; lastKnownFileType = sourcecode.swift; path = RettearkTests.swift; sourceTree = "<group>"; };
		94DF82F52878BB570054D5B8 /* RettearkUITests.xctest */ = {isa = PBXFileReference; explicitFileType = wrapper.cfbundle; includeInIndex = 0; path = RettearkUITests.xctest; sourceTree = BUILT_PRODUCTS_DIR; };
		94DF82F92878BB570054D5B8 /* RettearkUITests.swift */ = {isa = PBXFileReference; lastKnownFileType = sourcecode.swift; path = RettearkUITests.swift; sourceTree = "<group>"; };
		94DF82FB2878BB570054D5B8 /* RettearkUITestsLaunchTests.swift */ = {isa = PBXFileReference; lastKnownFileType = sourcecode.swift; path = RettearkUITestsLaunchTests.swift; sourceTree = "<group>"; };
		94DF83082878BF4C0054D5B8 /* Prøve.swift */ = {isa = PBXFileReference; lastKnownFileType = sourcecode.swift; path = "Prøve.swift"; sourceTree = "<group>"; };
		DE024DFA291E6E7A00F50E45 /* tastetrykk.swift */ = {isa = PBXFileReference; lastKnownFileType = sourcecode.swift; path = tastetrykk.swift; sourceTree = "<group>"; };
		DE05744E28C1F67E001D487B /* elevKategoriVisning.swift */ = {isa = PBXFileReference; lastKnownFileType = sourcecode.swift; path = elevKategoriVisning.swift; sourceTree = "<group>"; };
		DE05745028C6073B001D487B /* VisElevTilbakemleding.swift */ = {isa = PBXFileReference; lastKnownFileType = sourcecode.swift; path = VisElevTilbakemleding.swift; sourceTree = "<group>"; };
		DE0620D628D0981E008AF4EA /* filemanager_extension.swift */ = {isa = PBXFileReference; lastKnownFileType = sourcecode.swift; path = filemanager_extension.swift; sourceTree = "<group>"; };
		DE0620D828D1F482008AF4EA /* Tilbakemelding.swift */ = {isa = PBXFileReference; lastKnownFileType = sourcecode.swift; path = Tilbakemelding.swift; sourceTree = "<group>"; };
		DE0B670629AF684000DB8662 /* redigerKlasse.swift */ = {isa = PBXFileReference; lastKnownFileType = sourcecode.swift; path = redigerKlasse.swift; sourceTree = "<group>"; };
		DE118C7B292E29B000351BC4 /* skrivInnOppgaver.swift */ = {isa = PBXFileReference; lastKnownFileType = sourcecode.swift; path = skrivInnOppgaver.swift; sourceTree = "<group>"; };
		DE118C7D292F6CF200351BC4 /* collection_extension.swift */ = {isa = PBXFileReference; lastKnownFileType = sourcecode.swift; path = collection_extension.swift; sourceTree = "<group>"; };
		DE24DD0528FEC72B008F8A77 /* instillinger.swift */ = {isa = PBXFileReference; fileEncoding = 4; lastKnownFileType = sourcecode.swift; path = instillinger.swift; sourceTree = "<group>"; };
		DE37053328AA2A0100EAC29F /* karakterView.swift */ = {isa = PBXFileReference; lastKnownFileType = sourcecode.swift; path = karakterView.swift; sourceTree = "<group>"; };
		DE425E0D28E193D4009CAB3E /* leggTilNyPrøveVisning.swift */ = {isa = PBXFileReference; lastKnownFileType = sourcecode.swift; path = "leggTilNyPrøveVisning.swift"; sourceTree = "<group>"; };
		DE425E0F28E19969009CAB3E /* textInputField.swift */ = {isa = PBXFileReference; lastKnownFileType = sourcecode.swift; path = textInputField.swift; sourceTree = "<group>"; };
		DE597E0D290A998000114B0B /* test_input.swift */ = {isa = PBXFileReference; lastKnownFileType = sourcecode.swift; name = test_input.swift; path = "Utvidelser og funksjoner/test_input.swift"; sourceTree = SOURCE_ROOT; };
		DE85159928DB2AAA0048913A /* leggTilNyKlasseVisning.swift */ = {isa = PBXFileReference; lastKnownFileType = sourcecode.swift; path = leggTilNyKlasseVisning.swift; sourceTree = "<group>"; };
		DE85159B28DC9AAB0048913A /* finnEleverFraVisma.swift */ = {isa = PBXFileReference; lastKnownFileType = sourcecode.swift; path = finnEleverFraVisma.swift; sourceTree = "<group>"; };
		DE87C38D28BF65D900E880A9 /* kakediagram.swift */ = {isa = PBXFileReference; lastKnownFileType = sourcecode.swift; path = kakediagram.swift; sourceTree = "<group>"; };
		DE993B2B291A726F004889EC /* maxPoengVisning.swift */ = {isa = PBXFileReference; lastKnownFileType = sourcecode.swift; path = maxPoengVisning.swift; sourceTree = "<group>"; };
		DE993B2D291BC43D004889EC /* Fokus.swift */ = {isa = PBXFileReference; lastKnownFileType = sourcecode.swift; path = Fokus.swift; sourceTree = "<group>"; };
		DE9AB23C2916767B00B67FD7 /* tallEllerStrekVisning.swift */ = {isa = PBXFileReference; lastKnownFileType = sourcecode.swift; path = tallEllerStrekVisning.swift; sourceTree = "<group>"; };
		DEB6BBCD28B36560008BBD31 /* Kategorier.swift */ = {isa = PBXFileReference; lastKnownFileType = sourcecode.swift; path = Kategorier.swift; sourceTree = "<group>"; };
		DEB6BBCF28B378EC008BBD31 /* BoolOgId.swift */ = {isa = PBXFileReference; lastKnownFileType = sourcecode.swift; path = BoolOgId.swift; sourceTree = "<group>"; };
		DEB6BBD128B37B66008BBD31 /* poengTabellView.swift */ = {isa = PBXFileReference; lastKnownFileType = sourcecode.swift; path = poengTabellView.swift; sourceTree = "<group>"; };
		DEB6BBD328B39336008BBD31 /* kategoriView.swift */ = {isa = PBXFileReference; lastKnownFileType = sourcecode.swift; path = kategoriView.swift; sourceTree = "<group>"; };
		DEE939862951D2DE002F292F /* klassesammendrag.swift */ = {isa = PBXFileReference; lastKnownFileType = sourcecode.swift; path = klassesammendrag.swift; sourceTree = "<group>"; };
		DEECF8B829364525007B59FF /* Karaktergrense.swift */ = {isa = PBXFileReference; lastKnownFileType = sourcecode.swift; path = Karaktergrense.swift; sourceTree = "<group>"; };
/* End PBXFileReference section */

/* Begin PBXFrameworksBuildPhase section */
		94DF82D82878BB540054D5B8 /* Frameworks */ = {
			isa = PBXFrameworksBuildPhase;
			buildActionMask = 2147483647;
			files = (
			);
			runOnlyForDeploymentPostprocessing = 0;
		};
		94DF82E82878BB570054D5B8 /* Frameworks */ = {
			isa = PBXFrameworksBuildPhase;
			buildActionMask = 2147483647;
			files = (
			);
			runOnlyForDeploymentPostprocessing = 0;
		};
		94DF82F22878BB570054D5B8 /* Frameworks */ = {
			isa = PBXFrameworksBuildPhase;
			buildActionMask = 2147483647;
			files = (
			);
			runOnlyForDeploymentPostprocessing = 0;
		};
/* End PBXFrameworksBuildPhase section */

/* Begin PBXGroup section */
		94DF82D22878BB540054D5B8 = {
			isa = PBXGroup;
			children = (
				DE425E1328EB5602009CAB3E /* Utvidelser og funksjoner */,
				DE425E1228EB553A009CAB3E /* Visninger */,
				DE425E1128EB54AB009CAB3E /* Klasser og strukturer */,
				94DF82DD2878BB540054D5B8 /* Retteark */,
				94DF82EE2878BB570054D5B8 /* RettearkTests */,
				94DF82F82878BB570054D5B8 /* RettearkUITests */,
				94DF82DC2878BB540054D5B8 /* Products */,
			);
			sourceTree = "<group>";
		};
		94DF82DC2878BB540054D5B8 /* Products */ = {
			isa = PBXGroup;
			children = (
				94DF82DB2878BB540054D5B8 /* Retteark.app */,
				94DF82EB2878BB570054D5B8 /* RettearkTests.xctest */,
				94DF82F52878BB570054D5B8 /* RettearkUITests.xctest */,
			);
			name = Products;
			sourceTree = "<group>";
		};
		94DF82DD2878BB540054D5B8 /* Retteark */ = {
			isa = PBXGroup;
			children = (
				948D050C290DAFFD00359FD8 /* Retteark.entitlements */,
				94DF82DE2878BB540054D5B8 /* RettearkApp.swift */,
				94DF82E22878BB560054D5B8 /* Assets.xcassets */,
				94DF82E42878BB560054D5B8 /* Preview Content */,
			);
			path = Retteark;
			sourceTree = "<group>";
		};
		94DF82E42878BB560054D5B8 /* Preview Content */ = {
			isa = PBXGroup;
			children = (
				94DF82E52878BB560054D5B8 /* Preview Assets.xcassets */,
			);
			path = "Preview Content";
			sourceTree = "<group>";
		};
		94DF82EE2878BB570054D5B8 /* RettearkTests */ = {
			isa = PBXGroup;
			children = (
				94DF82EF2878BB570054D5B8 /* RettearkTests.swift */,
			);
			path = RettearkTests;
			sourceTree = "<group>";
		};
		94DF82F82878BB570054D5B8 /* RettearkUITests */ = {
			isa = PBXGroup;
			children = (
				94DF82F92878BB570054D5B8 /* RettearkUITests.swift */,
				94DF82FB2878BB570054D5B8 /* RettearkUITestsLaunchTests.swift */,
			);
			path = RettearkUITests;
			sourceTree = "<group>";
		};
		DE425E1128EB54AB009CAB3E /* Klasser og strukturer */ = {
			isa = PBXGroup;
			children = (
				DE05745028C6073B001D487B /* VisElevTilbakemleding.swift */,
				DE993B2D291BC43D004889EC /* Fokus.swift */,
				94B82C4D28CBCFC20086368A /* Klasseoversikt.swift */,
				DEECF8B829364525007B59FF /* Karaktergrense.swift */,
				941205EC289006A500D7FA3C /* elev.swift */,
				941205F028900ED700D7FA3C /* poeng.swift */,
				DEB6BBCF28B378EC008BBD31 /* BoolOgId.swift */,
				DEB6BBCD28B36560008BBD31 /* Kategorier.swift */,
				DE0620D828D1F482008AF4EA /* Tilbakemelding.swift */,
				941205EE2890071900D7FA3C /* oppgave.swift */,
				94DF83082878BF4C0054D5B8 /* Prøve.swift */,
				94B82C4928CBCE010086368A /* Klasse.swift */,
			);
			path = "Klasser og strukturer";
			sourceTree = "<group>";
		};
		DE425E1228EB553A009CAB3E /* Visninger */ = {
			isa = PBXGroup;
			children = (
				94B82C4B28CBCF350086368A /* klasseVisning.swift */,
				DE425E0D28E193D4009CAB3E /* leggTilNyPrøveVisning.swift */,
				DE85159928DB2AAA0048913A /* leggTilNyKlasseVisning.swift */,
				DE0B670629AF684000DB8662 /* redigerKlasse.swift */,
				DE425E0F28E19969009CAB3E /* textInputField.swift */,
				DEB6BBD328B39336008BBD31 /* kategoriView.swift */,
				94CC3008289D951D00A193F4 /* sumCelle.swift */,
				94DF82E02878BB540054D5B8 /* ContentView.swift */,
				DEB6BBD128B37B66008BBD31 /* poengTabellView.swift */,
				DE993B2B291A726F004889EC /* maxPoengVisning.swift */,
				DE05744E28C1F67E001D487B /* elevKategoriVisning.swift */,
				DE24DD0528FEC72B008F8A77 /* instillinger.swift */,
				DE87C38D28BF65D900E880A9 /* kakediagram.swift */,
				94CC3006289B046800A193F4 /* NumericTextField.swift */,
				DE9AB23C2916767B00B67FD7 /* tallEllerStrekVisning.swift */,
				94CC300428953FD600A193F4 /* PoengView.swift */,
				DE37053328AA2A0100EAC29F /* karakterView.swift */,
				DEE939862951D2DE002F292F /* klassesammendrag.swift */,
			);
			path = Visninger;
			sourceTree = "<group>";
		};
		DE425E1328EB5602009CAB3E /* Utvidelser og funksjoner */ = {
			isa = PBXGroup;
			children = (
				DE024DFA291E6E7A00F50E45 /* tastetrykk.swift */,
				DE118C7B292E29B000351BC4 /* skrivInnOppgaver.swift */,
				94B82C5128D5D6210086368A /* pdf.swift */,
				DE597E0D290A998000114B0B /* test_input.swift */,
				DE0620D628D0981E008AF4EA /* filemanager_extension.swift */,
				DE85159B28DC9AAB0048913A /* finnEleverFraVisma.swift */,
				DE118C7D292F6CF200351BC4 /* collection_extension.swift */,
				949429E4293D243C00543B19 /* bakgrunsfarger.swift */,
			);
			path = "Utvidelser og funksjoner";
			sourceTree = "<group>";
		};
/* End PBXGroup section */

/* Begin PBXNativeTarget section */
		94DF82DA2878BB540054D5B8 /* Retteark */ = {
			isa = PBXNativeTarget;
			buildConfigurationList = 94DF82FF2878BB570054D5B8 /* Build configuration list for PBXNativeTarget "Retteark" */;
			buildPhases = (
				94DF82D72878BB540054D5B8 /* Sources */,
				94DF82D82878BB540054D5B8 /* Frameworks */,
				94DF82D92878BB540054D5B8 /* Resources */,
			);
			buildRules = (
			);
			dependencies = (
			);
			name = Retteark;
			packageProductDependencies = (
			);
			productName = Retteark;
			productReference = 94DF82DB2878BB540054D5B8 /* Retteark.app */;
			productType = "com.apple.product-type.application";
		};
		94DF82EA2878BB570054D5B8 /* RettearkTests */ = {
			isa = PBXNativeTarget;
			buildConfigurationList = 94DF83022878BB570054D5B8 /* Build configuration list for PBXNativeTarget "RettearkTests" */;
			buildPhases = (
				94DF82E72878BB570054D5B8 /* Sources */,
				94DF82E82878BB570054D5B8 /* Frameworks */,
				94DF82E92878BB570054D5B8 /* Resources */,
			);
			buildRules = (
			);
			dependencies = (
				94DF82ED2878BB570054D5B8 /* PBXTargetDependency */,
			);
			name = RettearkTests;
			productName = RettearkTests;
			productReference = 94DF82EB2878BB570054D5B8 /* RettearkTests.xctest */;
			productType = "com.apple.product-type.bundle.unit-test";
		};
		94DF82F42878BB570054D5B8 /* RettearkUITests */ = {
			isa = PBXNativeTarget;
			buildConfigurationList = 94DF83052878BB570054D5B8 /* Build configuration list for PBXNativeTarget "RettearkUITests" */;
			buildPhases = (
				94DF82F12878BB570054D5B8 /* Sources */,
				94DF82F22878BB570054D5B8 /* Frameworks */,
				94DF82F32878BB570054D5B8 /* Resources */,
			);
			buildRules = (
			);
			dependencies = (
				94DF82F72878BB570054D5B8 /* PBXTargetDependency */,
			);
			name = RettearkUITests;
			productName = RettearkUITests;
			productReference = 94DF82F52878BB570054D5B8 /* RettearkUITests.xctest */;
			productType = "com.apple.product-type.bundle.ui-testing";
		};
/* End PBXNativeTarget section */

/* Begin PBXProject section */
		94DF82D32878BB540054D5B8 /* Project object */ = {
			isa = PBXProject;
			attributes = {
				BuildIndependentTargetsInParallel = 1;
				LastSwiftUpdateCheck = 1400;
				LastUpgradeCheck = 1400;
				TargetAttributes = {
					94DF82DA2878BB540054D5B8 = {
						CreatedOnToolsVersion = 14.0;
					};
					94DF82EA2878BB570054D5B8 = {
						CreatedOnToolsVersion = 14.0;
						TestTargetID = 94DF82DA2878BB540054D5B8;
					};
					94DF82F42878BB570054D5B8 = {
						CreatedOnToolsVersion = 14.0;
						TestTargetID = 94DF82DA2878BB540054D5B8;
					};
				};
			};
			buildConfigurationList = 94DF82D62878BB540054D5B8 /* Build configuration list for PBXProject "Retteark" */;
			compatibilityVersion = "Xcode 14.0";
			developmentRegion = en;
			hasScannedForEncodings = 0;
			knownRegions = (
				en,
				Base,
			);
			mainGroup = 94DF82D22878BB540054D5B8;
			packageReferences = (
			);
			productRefGroup = 94DF82DC2878BB540054D5B8 /* Products */;
			projectDirPath = "";
			projectRoot = "";
			targets = (
				94DF82DA2878BB540054D5B8 /* Retteark */,
				94DF82EA2878BB570054D5B8 /* RettearkTests */,
				94DF82F42878BB570054D5B8 /* RettearkUITests */,
			);
		};
/* End PBXProject section */

/* Begin PBXResourcesBuildPhase section */
		94DF82D92878BB540054D5B8 /* Resources */ = {
			isa = PBXResourcesBuildPhase;
			buildActionMask = 2147483647;
			files = (
				94DF82E62878BB560054D5B8 /* Preview Assets.xcassets in Resources */,
				94DF82E32878BB560054D5B8 /* Assets.xcassets in Resources */,
			);
			runOnlyForDeploymentPostprocessing = 0;
		};
		94DF82E92878BB570054D5B8 /* Resources */ = {
			isa = PBXResourcesBuildPhase;
			buildActionMask = 2147483647;
			files = (
			);
			runOnlyForDeploymentPostprocessing = 0;
		};
		94DF82F32878BB570054D5B8 /* Resources */ = {
			isa = PBXResourcesBuildPhase;
			buildActionMask = 2147483647;
			files = (
			);
			runOnlyForDeploymentPostprocessing = 0;
		};
/* End PBXResourcesBuildPhase section */

/* Begin PBXSourcesBuildPhase section */
		94DF82D72878BB540054D5B8 /* Sources */ = {
			isa = PBXSourcesBuildPhase;
			buildActionMask = 2147483647;
			files = (
				DE05745128C6073B001D487B /* VisElevTilbakemleding.swift in Sources */,
				DE87C38E28BF65D900E880A9 /* kakediagram.swift in Sources */,
				DE993B2E291BC43D004889EC /* Fokus.swift in Sources */,
				DE05744F28C1F67E001D487B /* elevKategoriVisning.swift in Sources */,
				DE0620D728D0981E008AF4EA /* filemanager_extension.swift in Sources */,
				94CC300528953FD600A193F4 /* PoengView.swift in Sources */,
				DE597E0E290A998000114B0B /* test_input.swift in Sources */,
				94DF82E12878BB540054D5B8 /* ContentView.swift in Sources */,
				DE425E0E28E193D4009CAB3E /* leggTilNyPrøveVisning.swift in Sources */,
				DE118C7C292E29B100351BC4 /* skrivInnOppgaver.swift in Sources */,
				94CC3009289D951D00A193F4 /* sumCelle.swift in Sources */,
				DE37053428AA2A0200EAC29F /* karakterView.swift in Sources */,
				DEB6BBD028B378EC008BBD31 /* BoolOgId.swift in Sources */,
				DE85159C28DC9AAB0048913A /* finnEleverFraVisma.swift in Sources */,
				DE993B2C291A726F004889EC /* maxPoengVisning.swift in Sources */,
				DE9AB23D2916767B00B67FD7 /* tallEllerStrekVisning.swift in Sources */,
				DE0B670729AF684000DB8662 /* redigerKlasse.swift in Sources */,
				941205EF2890071900D7FA3C /* oppgave.swift in Sources */,
				941205ED289006A500D7FA3C /* elev.swift in Sources */,
				DE24DD0628FEC72B008F8A77 /* instillinger.swift in Sources */,
				DEE939872951D2DE002F292F /* klassesammendrag.swift in Sources */,
				94DF83092878BF4C0054D5B8 /* Prøve.swift in Sources */,
				DE0620D928D1F482008AF4EA /* Tilbakemelding.swift in Sources */,
				94B82C4C28CBCF350086368A /* klasseVisning.swift in Sources */,
				94B82C4A28CBCE010086368A /* Klasse.swift in Sources */,
				94CC3007289B046800A193F4 /* NumericTextField.swift in Sources */,
				94B82C4E28CBCFC20086368A /* Klasseoversikt.swift in Sources */,
				949429E5293D243C00543B19 /* bakgrunsfarger.swift in Sources */,
				DE425E1028E19969009CAB3E /* textInputField.swift in Sources */,
				94DF82DF2878BB540054D5B8 /* RettearkApp.swift in Sources */,
				DE024DFB291E6E7B00F50E45 /* tastetrykk.swift in Sources */,
				DEB6BBD428B39336008BBD31 /* kategoriView.swift in Sources */,
				94B82C5228D5D6210086368A /* pdf.swift in Sources */,
				DE118C7E292F6CF200351BC4 /* collection_extension.swift in Sources */,
				DEB6BBCE28B36560008BBD31 /* Kategorier.swift in Sources */,
				941205F128900ED700D7FA3C /* poeng.swift in Sources */,
				DEB6BBD228B37B66008BBD31 /* poengTabellView.swift in Sources */,
				DE85159A28DB2AAA0048913A /* leggTilNyKlasseVisning.swift in Sources */,
				DEECF8B929364525007B59FF /* Karaktergrense.swift in Sources */,
			);
			runOnlyForDeploymentPostprocessing = 0;
		};
		94DF82E72878BB570054D5B8 /* Sources */ = {
			isa = PBXSourcesBuildPhase;
			buildActionMask = 2147483647;
			files = (
				94DF82F02878BB570054D5B8 /* RettearkTests.swift in Sources */,
			);
			runOnlyForDeploymentPostprocessing = 0;
		};
		94DF82F12878BB570054D5B8 /* Sources */ = {
			isa = PBXSourcesBuildPhase;
			buildActionMask = 2147483647;
			files = (
				94DF82FC2878BB570054D5B8 /* RettearkUITestsLaunchTests.swift in Sources */,
				94DF82FA2878BB570054D5B8 /* RettearkUITests.swift in Sources */,
			);
			runOnlyForDeploymentPostprocessing = 0;
		};
/* End PBXSourcesBuildPhase section */

/* Begin PBXTargetDependency section */
		94DF82ED2878BB570054D5B8 /* PBXTargetDependency */ = {
			isa = PBXTargetDependency;
			target = 94DF82DA2878BB540054D5B8 /* Retteark */;
			targetProxy = 94DF82EC2878BB570054D5B8 /* PBXContainerItemProxy */;
		};
		94DF82F72878BB570054D5B8 /* PBXTargetDependency */ = {
			isa = PBXTargetDependency;
			target = 94DF82DA2878BB540054D5B8 /* Retteark */;
			targetProxy = 94DF82F62878BB570054D5B8 /* PBXContainerItemProxy */;
		};
/* End PBXTargetDependency section */

/* Begin XCBuildConfiguration section */
		94DF82FD2878BB570054D5B8 /* Debug */ = {
			isa = XCBuildConfiguration;
			buildSettings = {
				ALWAYS_SEARCH_USER_PATHS = NO;
				CLANG_ANALYZER_NONNULL = YES;
				CLANG_ANALYZER_NUMBER_OBJECT_CONVERSION = YES_AGGRESSIVE;
				CLANG_CXX_LANGUAGE_STANDARD = "gnu++20";
				CLANG_ENABLE_MODULES = YES;
				CLANG_ENABLE_OBJC_ARC = YES;
				CLANG_ENABLE_OBJC_WEAK = YES;
				CLANG_WARN_BLOCK_CAPTURE_AUTORELEASING = YES;
				CLANG_WARN_BOOL_CONVERSION = YES;
				CLANG_WARN_COMMA = YES;
				CLANG_WARN_CONSTANT_CONVERSION = YES;
				CLANG_WARN_DEPRECATED_OBJC_IMPLEMENTATIONS = YES;
				CLANG_WARN_DIRECT_OBJC_ISA_USAGE = YES_ERROR;
				CLANG_WARN_DOCUMENTATION_COMMENTS = YES;
				CLANG_WARN_EMPTY_BODY = YES;
				CLANG_WARN_ENUM_CONVERSION = YES;
				CLANG_WARN_INFINITE_RECURSION = YES;
				CLANG_WARN_INT_CONVERSION = YES;
				CLANG_WARN_NON_LITERAL_NULL_CONVERSION = YES;
				CLANG_WARN_OBJC_IMPLICIT_RETAIN_SELF = YES;
				CLANG_WARN_OBJC_LITERAL_CONVERSION = YES;
				CLANG_WARN_OBJC_ROOT_CLASS = YES_ERROR;
				CLANG_WARN_QUOTED_INCLUDE_IN_FRAMEWORK_HEADER = YES;
				CLANG_WARN_RANGE_LOOP_ANALYSIS = YES;
				CLANG_WARN_STRICT_PROTOTYPES = YES;
				CLANG_WARN_SUSPICIOUS_MOVE = YES;
				CLANG_WARN_UNGUARDED_AVAILABILITY = YES_AGGRESSIVE;
				CLANG_WARN_UNREACHABLE_CODE = YES;
				CLANG_WARN__DUPLICATE_METHOD_MATCH = YES;
				COPY_PHASE_STRIP = NO;
				DEBUG_INFORMATION_FORMAT = dwarf;
				ENABLE_STRICT_OBJC_MSGSEND = YES;
				ENABLE_TESTABILITY = YES;
				GCC_C_LANGUAGE_STANDARD = gnu11;
				GCC_DYNAMIC_NO_PIC = NO;
				GCC_NO_COMMON_BLOCKS = YES;
				GCC_OPTIMIZATION_LEVEL = 0;
				GCC_PREPROCESSOR_DEFINITIONS = (
					"DEBUG=1",
					"$(inherited)",
				);
				GCC_WARN_64_TO_32_BIT_CONVERSION = YES;
				GCC_WARN_ABOUT_RETURN_TYPE = YES_ERROR;
				GCC_WARN_UNDECLARED_SELECTOR = YES;
				GCC_WARN_UNINITIALIZED_AUTOS = YES_AGGRESSIVE;
				GCC_WARN_UNUSED_FUNCTION = YES;
				GCC_WARN_UNUSED_VARIABLE = YES;
				IPHONEOS_DEPLOYMENT_TARGET = 16.0;
				MTL_ENABLE_DEBUG_INFO = INCLUDE_SOURCE;
				MTL_FAST_MATH = YES;
				ONLY_ACTIVE_ARCH = YES;
				SDKROOT = iphoneos;
				SWIFT_ACTIVE_COMPILATION_CONDITIONS = DEBUG;
				SWIFT_OPTIMIZATION_LEVEL = "-Onone";
			};
			name = Debug;
		};
		94DF82FE2878BB570054D5B8 /* Release */ = {
			isa = XCBuildConfiguration;
			buildSettings = {
				ALWAYS_SEARCH_USER_PATHS = NO;
				CLANG_ANALYZER_NONNULL = YES;
				CLANG_ANALYZER_NUMBER_OBJECT_CONVERSION = YES_AGGRESSIVE;
				CLANG_CXX_LANGUAGE_STANDARD = "gnu++20";
				CLANG_ENABLE_MODULES = YES;
				CLANG_ENABLE_OBJC_ARC = YES;
				CLANG_ENABLE_OBJC_WEAK = YES;
				CLANG_WARN_BLOCK_CAPTURE_AUTORELEASING = YES;
				CLANG_WARN_BOOL_CONVERSION = YES;
				CLANG_WARN_COMMA = YES;
				CLANG_WARN_CONSTANT_CONVERSION = YES;
				CLANG_WARN_DEPRECATED_OBJC_IMPLEMENTATIONS = YES;
				CLANG_WARN_DIRECT_OBJC_ISA_USAGE = YES_ERROR;
				CLANG_WARN_DOCUMENTATION_COMMENTS = YES;
				CLANG_WARN_EMPTY_BODY = YES;
				CLANG_WARN_ENUM_CONVERSION = YES;
				CLANG_WARN_INFINITE_RECURSION = YES;
				CLANG_WARN_INT_CONVERSION = YES;
				CLANG_WARN_NON_LITERAL_NULL_CONVERSION = YES;
				CLANG_WARN_OBJC_IMPLICIT_RETAIN_SELF = YES;
				CLANG_WARN_OBJC_LITERAL_CONVERSION = YES;
				CLANG_WARN_OBJC_ROOT_CLASS = YES_ERROR;
				CLANG_WARN_QUOTED_INCLUDE_IN_FRAMEWORK_HEADER = YES;
				CLANG_WARN_RANGE_LOOP_ANALYSIS = YES;
				CLANG_WARN_STRICT_PROTOTYPES = YES;
				CLANG_WARN_SUSPICIOUS_MOVE = YES;
				CLANG_WARN_UNGUARDED_AVAILABILITY = YES_AGGRESSIVE;
				CLANG_WARN_UNREACHABLE_CODE = YES;
				CLANG_WARN__DUPLICATE_METHOD_MATCH = YES;
				COPY_PHASE_STRIP = NO;
				DEBUG_INFORMATION_FORMAT = "dwarf-with-dsym";
				ENABLE_NS_ASSERTIONS = NO;
				ENABLE_STRICT_OBJC_MSGSEND = YES;
				GCC_C_LANGUAGE_STANDARD = gnu11;
				GCC_NO_COMMON_BLOCKS = YES;
				GCC_WARN_64_TO_32_BIT_CONVERSION = YES;
				GCC_WARN_ABOUT_RETURN_TYPE = YES_ERROR;
				GCC_WARN_UNDECLARED_SELECTOR = YES;
				GCC_WARN_UNINITIALIZED_AUTOS = YES_AGGRESSIVE;
				GCC_WARN_UNUSED_FUNCTION = YES;
				GCC_WARN_UNUSED_VARIABLE = YES;
				IPHONEOS_DEPLOYMENT_TARGET = 16.0;
				MTL_ENABLE_DEBUG_INFO = NO;
				MTL_FAST_MATH = YES;
				SDKROOT = iphoneos;
				SWIFT_COMPILATION_MODE = wholemodule;
				SWIFT_OPTIMIZATION_LEVEL = "-O";
				VALIDATE_PRODUCT = YES;
			};
			name = Release;
		};
		94DF83002878BB570054D5B8 /* Debug */ = {
			isa = XCBuildConfiguration;
			buildSettings = {
				ASSETCATALOG_COMPILER_APPICON_NAME = AppIcon;
				ASSETCATALOG_COMPILER_GLOBAL_ACCENT_COLOR_NAME = AccentColor;
				CODE_SIGN_ENTITLEMENTS = Retteark/Retteark.entitlements;
				CODE_SIGN_STYLE = Automatic;
				CURRENT_PROJECT_VERSION = 1;
				DEVELOPMENT_ASSET_PATHS = "\"Retteark/Preview Content\"";
				DEVELOPMENT_TEAM = 2NSD56573L;
				ENABLE_PREVIEWS = YES;
				GENERATE_INFOPLIST_FILE = YES;
				INFOPLIST_KEY_LSApplicationCategoryType = "public.app-category.education";
				INFOPLIST_KEY_UIApplicationSceneManifest_Generation = YES;
				INFOPLIST_KEY_UIApplicationSupportsIndirectInputEvents = YES;
				INFOPLIST_KEY_UILaunchScreen_Generation = YES;
				INFOPLIST_KEY_UISupportedInterfaceOrientations_iPad = "UIInterfaceOrientationPortrait UIInterfaceOrientationPortraitUpsideDown UIInterfaceOrientationLandscapeLeft UIInterfaceOrientationLandscapeRight";
				INFOPLIST_KEY_UISupportedInterfaceOrientations_iPhone = "UIInterfaceOrientationPortrait UIInterfaceOrientationLandscapeLeft UIInterfaceOrientationLandscapeRight";
				LD_RUNPATH_SEARCH_PATHS = (
					"$(inherited)",
					"@executable_path/Frameworks",
				);
				MARKETING_VERSION = 1.0;
				PRODUCT_BUNDLE_IDENTIFIER = com.kappekoff.Retteark;
				PRODUCT_NAME = "$(TARGET_NAME)";
				SUPPORTED_PLATFORMS = "iphoneos iphonesimulator macosx";
				SUPPORTS_MACCATALYST = YES;
				SUPPORTS_MAC_DESIGNED_FOR_IPHONE_IPAD = NO;
				SWIFT_EMIT_LOC_STRINGS = YES;
				SWIFT_VERSION = 5.0;
				TARGETED_DEVICE_FAMILY = 2;
			};
			name = Debug;
		};
		94DF83012878BB570054D5B8 /* Release */ = {
			isa = XCBuildConfiguration;
			buildSettings = {
				ASSETCATALOG_COMPILER_APPICON_NAME = AppIcon;
				ASSETCATALOG_COMPILER_GLOBAL_ACCENT_COLOR_NAME = AccentColor;
				CODE_SIGN_ENTITLEMENTS = Retteark/Retteark.entitlements;
				CODE_SIGN_STYLE = Automatic;
				CURRENT_PROJECT_VERSION = 1;
				DEVELOPMENT_ASSET_PATHS = "\"Retteark/Preview Content\"";
				DEVELOPMENT_TEAM = 2NSD56573L;
				ENABLE_PREVIEWS = YES;
				GENERATE_INFOPLIST_FILE = YES;
				INFOPLIST_KEY_LSApplicationCategoryType = "public.app-category.education";
				INFOPLIST_KEY_UIApplicationSceneManifest_Generation = YES;
				INFOPLIST_KEY_UIApplicationSupportsIndirectInputEvents = YES;
				INFOPLIST_KEY_UILaunchScreen_Generation = YES;
				INFOPLIST_KEY_UISupportedInterfaceOrientations_iPad = "UIInterfaceOrientationPortrait UIInterfaceOrientationPortraitUpsideDown UIInterfaceOrientationLandscapeLeft UIInterfaceOrientationLandscapeRight";
				INFOPLIST_KEY_UISupportedInterfaceOrientations_iPhone = "UIInterfaceOrientationPortrait UIInterfaceOrientationLandscapeLeft UIInterfaceOrientationLandscapeRight";
				LD_RUNPATH_SEARCH_PATHS = (
					"$(inherited)",
					"@executable_path/Frameworks",
				);
				MARKETING_VERSION = 1.0;
				PRODUCT_BUNDLE_IDENTIFIER = com.kappekoff.Retteark;
				PRODUCT_NAME = "$(TARGET_NAME)";
				SUPPORTED_PLATFORMS = "iphoneos iphonesimulator macosx";
				SUPPORTS_MACCATALYST = YES;
				SUPPORTS_MAC_DESIGNED_FOR_IPHONE_IPAD = NO;
				SWIFT_EMIT_LOC_STRINGS = YES;
				SWIFT_VERSION = 5.0;
				TARGETED_DEVICE_FAMILY = 2;
			};
			name = Release;
		};
		94DF83032878BB570054D5B8 /* Debug */ = {
			isa = XCBuildConfiguration;
			buildSettings = {
				ALWAYS_EMBED_SWIFT_STANDARD_LIBRARIES = YES;
				BUNDLE_LOADER = "$(TEST_HOST)";
				CODE_SIGN_STYLE = Automatic;
				CURRENT_PROJECT_VERSION = 1;
				DEVELOPMENT_TEAM = 2NSD56573L;
				GENERATE_INFOPLIST_FILE = YES;
				IPHONEOS_DEPLOYMENT_TARGET = 16.0;
				MARKETING_VERSION = 1.0;
				PRODUCT_BUNDLE_IDENTIFIER = com.kappekoff.RettearkTests;
				PRODUCT_NAME = "$(TARGET_NAME)";
				SWIFT_EMIT_LOC_STRINGS = NO;
				SWIFT_VERSION = 5.0;
				TARGETED_DEVICE_FAMILY = "1,2";
				TEST_HOST = "$(BUILT_PRODUCTS_DIR)/Retteark.app/$(BUNDLE_EXECUTABLE_FOLDER_PATH)/Retteark";
			};
			name = Debug;
		};
		94DF83042878BB570054D5B8 /* Release */ = {
			isa = XCBuildConfiguration;
			buildSettings = {
				ALWAYS_EMBED_SWIFT_STANDARD_LIBRARIES = YES;
				BUNDLE_LOADER = "$(TEST_HOST)";
				CODE_SIGN_STYLE = Automatic;
				CURRENT_PROJECT_VERSION = 1;
				DEVELOPMENT_TEAM = 2NSD56573L;
				GENERATE_INFOPLIST_FILE = YES;
				IPHONEOS_DEPLOYMENT_TARGET = 16.0;
				MARKETING_VERSION = 1.0;
				PRODUCT_BUNDLE_IDENTIFIER = com.kappekoff.RettearkTests;
				PRODUCT_NAME = "$(TARGET_NAME)";
				SWIFT_EMIT_LOC_STRINGS = NO;
				SWIFT_VERSION = 5.0;
				TARGETED_DEVICE_FAMILY = "1,2";
				TEST_HOST = "$(BUILT_PRODUCTS_DIR)/Retteark.app/$(BUNDLE_EXECUTABLE_FOLDER_PATH)/Retteark";
			};
			name = Release;
		};
		94DF83062878BB570054D5B8 /* Debug */ = {
			isa = XCBuildConfiguration;
			buildSettings = {
				ALWAYS_EMBED_SWIFT_STANDARD_LIBRARIES = YES;
				CODE_SIGN_STYLE = Automatic;
				CURRENT_PROJECT_VERSION = 1;
				DEVELOPMENT_TEAM = 2NSD56573L;
				GENERATE_INFOPLIST_FILE = YES;
				MARKETING_VERSION = 1.0;
				PRODUCT_BUNDLE_IDENTIFIER = com.kappekoff.RettearkUITests;
				PRODUCT_NAME = "$(TARGET_NAME)";
				SWIFT_EMIT_LOC_STRINGS = NO;
				SWIFT_VERSION = 5.0;
				TARGETED_DEVICE_FAMILY = "1,2";
				TEST_TARGET_NAME = Retteark;
			};
			name = Debug;
		};
		94DF83072878BB570054D5B8 /* Release */ = {
			isa = XCBuildConfiguration;
			buildSettings = {
				ALWAYS_EMBED_SWIFT_STANDARD_LIBRARIES = YES;
				CODE_SIGN_STYLE = Automatic;
				CURRENT_PROJECT_VERSION = 1;
				DEVELOPMENT_TEAM = 2NSD56573L;
				GENERATE_INFOPLIST_FILE = YES;
				MARKETING_VERSION = 1.0;
				PRODUCT_BUNDLE_IDENTIFIER = com.kappekoff.RettearkUITests;
				PRODUCT_NAME = "$(TARGET_NAME)";
				SWIFT_EMIT_LOC_STRINGS = NO;
				SWIFT_VERSION = 5.0;
				TARGETED_DEVICE_FAMILY = "1,2";
				TEST_TARGET_NAME = Retteark;
			};
			name = Release;
		};
/* End XCBuildConfiguration section */

/* Begin XCConfigurationList section */
		94DF82D62878BB540054D5B8 /* Build configuration list for PBXProject "Retteark" */ = {
			isa = XCConfigurationList;
			buildConfigurations = (
				94DF82FD2878BB570054D5B8 /* Debug */,
				94DF82FE2878BB570054D5B8 /* Release */,
			);
			defaultConfigurationIsVisible = 0;
			defaultConfigurationName = Release;
		};
		94DF82FF2878BB570054D5B8 /* Build configuration list for PBXNativeTarget "Retteark" */ = {
			isa = XCConfigurationList;
			buildConfigurations = (
				94DF83002878BB570054D5B8 /* Debug */,
				94DF83012878BB570054D5B8 /* Release */,
			);
			defaultConfigurationIsVisible = 0;
			defaultConfigurationName = Release;
		};
		94DF83022878BB570054D5B8 /* Build configuration list for PBXNativeTarget "RettearkTests" */ = {
			isa = XCConfigurationList;
			buildConfigurations = (
				94DF83032878BB570054D5B8 /* Debug */,
				94DF83042878BB570054D5B8 /* Release */,
			);
			defaultConfigurationIsVisible = 0;
			defaultConfigurationName = Release;
		};
		94DF83052878BB570054D5B8 /* Build configuration list for PBXNativeTarget "RettearkUITests" */ = {
			isa = XCConfigurationList;
			buildConfigurations = (
				94DF83062878BB570054D5B8 /* Debug */,
				94DF83072878BB570054D5B8 /* Release */,
			);
			defaultConfigurationIsVisible = 0;
			defaultConfigurationName = Release;
		};
/* End XCConfigurationList section */
	};
	rootObject = 94DF82D32878BB540054D5B8 /* Project object */;
}
